
Microsoft Visual Studio Solution File, Format Version 12.00
# Visual Studio Version 17
VisualStudioVersion = 17.0.31903.59
MinimumVisualStudioVersion = 10.0.40219.1
Project("{FAE04EC0-301F-11D3-BF4B-00C04F79EFBC}") = "BnBCampers", "BnBCampers\BnBCampers.csproj", "{FB071CF4-080B-4ED3-872A-A3F9537B3D83}"
EndProject
Global
	GlobalSection(SolutionConfigurationPlatforms) = preSolution
		Debug|Any CPU = Debug|Any CPU
		Release|Any CPU = Release|Any CPU
	EndGlobalSection
	GlobalSection(ProjectConfigurationPlatforms) = postSolution
		{FB071CF4-080B-4ED3-872A-A3F9537B3D83}.Debug|Any CPU.ActiveCfg = Debug|Any CPU
		{FB071CF4-080B-4ED3-872A-A3F9537B3D83}.Debug|Any CPU.Build.0 = Debug|Any CPU
		{FB071CF4-080B-4ED3-872A-A3F9537B3D83}.Release|Any CPU.ActiveCfg = Release|Any CPU
		{FB071CF4-080B-4ED3-872A-A3F9537B3D83}.Release|Any CPU.Build.0 = Release|Any CPU
	EndGlobalSection
	GlobalSection(SolutionProperties) = preSolution
		HideSolutionNode = FALSE
	EndGlobalSection
	GlobalSection(ExtensibilityGlobals) = postSolution
		SolutionGuid = {EEB12C78-2894-427F-9548-81EE49E7F5D7}
	EndGlobalSection
EndGlobal
